
Microsoft Visual Studio Solution File, Format Version 12.00
# Visual Studio 15
VisualStudioVersion = 15.0.28307.421
MinimumVisualStudioVersion = 10.0.40219.1
Project("{888888A0-9F3D-457C-B088-3A5042F75D52}") = "LearningLog", "LearningLog\LearningLog.pyproj", "{781B8B54-633C-4F42-B97B-893D339DA8D7}"
EndProject
Global
	GlobalSection(SolutionConfigurationPlatforms) = preSolution
		Debug|Any CPU = Debug|Any CPU
		Release|Any CPU = Release|Any CPU
	EndGlobalSection
	GlobalSection(ProjectConfigurationPlatforms) = postSolution
		{781B8B54-633C-4F42-B97B-893D339DA8D7}.Debug|Any CPU.ActiveCfg = Debug|Any CPU
		{781B8B54-633C-4F42-B97B-893D339DA8D7}.Debug|Any CPU.Build.0 = Debug|Any CPU
		{781B8B54-633C-4F42-B97B-893D339DA8D7}.Release|Any CPU.ActiveCfg = Release|Any CPU
		{781B8B54-633C-4F42-B97B-893D339DA8D7}.Release|Any CPU.Build.0 = Release|Any CPU
	EndGlobalSection
	GlobalSection(SolutionProperties) = preSolution
		HideSolutionNode = FALSE
	EndGlobalSection
	GlobalSection(ExtensibilityGlobals) = postSolution
		SolutionGuid = {7B65943B-0359-4CED-8364-31EED111978E}
	EndGlobalSection
EndGlobal
